PODS:
  - Expecta (0.3.1)
  - Specta (0.2.1)
  - Teleport (0.1.0)

DEPENDENCIES:
  - Expecta
  - Specta (~> 0.2.1)
  - Teleport (from `../`)

EXTERNAL SOURCES:
  Teleport:
    :path: ../

SPEC CHECKSUMS:
  Expecta: 03aabd0a89d8dea843baecb19a7fd7466a69a31d
  Specta: 9141310f46b1f68b676650ff2854e1ed0b74163a
  Teleport: 84e63797af96d6a0691af47cbb8d23d4c95b1b8e

COCOAPODS: 0.34.4
